
Microsoft Visual Studio Solution File, Format Version 12.00
# Visual Studio Version 16
VisualStudioVersion = 16.0.29728.190
MinimumVisualStudioVersion = 10.0.40219.1
Project("{FAE04EC0-301F-11D3-BF4B-00C04F79EFBC}") = "ServerProject", "ServerProject\ServerProject.csproj", "{91C58895-8C73-454C-AB1F-7A1F16A73BC3}"
EndProject
Project("{FAE04EC0-301F-11D3-BF4B-00C04F79EFBC}") = "ClientProject", "..\ClientProject\ClientProject\ClientProject.csproj", "{1A5DE31B-55E2-4B23-AED0-E0BB9A29EF1B}"
EndProject
Project("{FAE04EC0-301F-11D3-BF4B-00C04F79EFBC}") = "CommonLibrary", "..\CommonLibrary\CommonLibrary.csproj", "{2EC1635E-8D88-4174-8076-745A3F96618D}"
EndProject
Global
	GlobalSection(SolutionConfigurationPlatforms) = preSolution
		Debug|Any CPU = Debug|Any CPU
		Release|Any CPU = Release|Any CPU
	EndGlobalSection
	GlobalSection(ProjectConfigurationPlatforms) = postSolution
		{91C58895-8C73-454C-AB1F-7A1F16A73BC3}.Debug|Any CPU.ActiveCfg = Debug|Any CPU
		{91C58895-8C73-454C-AB1F-7A1F16A73BC3}.Debug|Any CPU.Build.0 = Debug|Any CPU
		{91C58895-8C73-454C-AB1F-7A1F16A73BC3}.Release|Any CPU.ActiveCfg = Release|Any CPU
		{91C58895-8C73-454C-AB1F-7A1F16A73BC3}.Release|Any CPU.Build.0 = Release|Any CPU
		{1A5DE31B-55E2-4B23-AED0-E0BB9A29EF1B}.Debug|Any CPU.ActiveCfg = Debug|Any CPU
		{1A5DE31B-55E2-4B23-AED0-E0BB9A29EF1B}.Debug|Any CPU.Build.0 = Debug|Any CPU
		{1A5DE31B-55E2-4B23-AED0-E0BB9A29EF1B}.Release|Any CPU.ActiveCfg = Release|Any CPU
		{1A5DE31B-55E2-4B23-AED0-E0BB9A29EF1B}.Release|Any CPU.Build.0 = Release|Any CPU
		{2EC1635E-8D88-4174-8076-745A3F96618D}.Debug|Any CPU.ActiveCfg = Debug|Any CPU
		{2EC1635E-8D88-4174-8076-745A3F96618D}.Debug|Any CPU.Build.0 = Debug|Any CPU
		{2EC1635E-8D88-4174-8076-745A3F96618D}.Release|Any CPU.ActiveCfg = Release|Any CPU
		{2EC1635E-8D88-4174-8076-745A3F96618D}.Release|Any CPU.Build.0 = Release|Any CPU
	EndGlobalSection
	GlobalSection(SolutionProperties) = preSolution
		HideSolutionNode = FALSE
	EndGlobalSection
	GlobalSection(ExtensibilityGlobals) = postSolution
		SolutionGuid = {4DB2B957-4A2D-4C10-A1A5-E59ABA0A4EF8}
	EndGlobalSection
EndGlobal
